
Microsoft Visual Studio Solution File, Format Version 12.00
# Visual Studio Version 17 
VisualStudioVersion = 17.3.32929.385
MinimumVisualStudioVersion = 10.0.40219.1
Project("{FAE04EC0-301F-11D3-BF4B-00C04F79EFBC}") = "CarCRUD", "CarCRUD\CarCRUD.csproj", "{27BFB6E3-D7CE-4C0B-9A10-DE7347EBBF76}"
EndProject
Global
	GlobalSection(SolutionConfigurationPlatforms) = preSolution
		Debug|Any CPU = Debug|Any CPU
		Release|Any CPU = Release|Any CPU
	EndGlobalSection
	GlobalSection(ProjectConfigurationPlatforms) = postSolution
		{27BFB6E3-D7CE-4C0B-9A10-DE7347EBBF76}.Debug|Any CPU.ActiveCfg = Debug|Any CPU
		{27BFB6E3-D7CE-4C0B-9A10-DE7347EBBF76}.Debug|Any CPU.Build.0 = Debug|Any CPU
		{27BFB6E3-D7CE-4C0B-9A10-DE7347EBBF76}.Release|Any CPU.ActiveCfg = Release|Any CPU
		{27BFB6E3-D7CE-4C0B-9A10-DE7347EBBF76}.Release|Any CPU.Build.0 = Release|Any CPU
	EndGlobalSection
	GlobalSection(SolutionProperties) = preSolution
		HideSolutionNode = FALSE
	EndGlobalSection
	GlobalSection(ExtensibilityGlobals) = postSolution
		SolutionGuid = {45D38F2E-47FB-4408-BA51-8BA4222DC0F2}
	EndGlobalSection
EndGlobal
